# THIS IS AN AUTOGENERATED FILE. DO NOT EDIT THIS FILE DIRECTLY.
# yarn lockfile v1


"@allthings/uuid@2.0.0":
  version "2.0.0"
  resolved "https://registry.yarnpkg.com/@allthings/uuid/-/uuid-2.0.0.tgz#9eebca8d3715d6b64df0acf23867c0bbf6881eac"

ffmpeg-image-diff@1.2.0:
  version "1.2.0"
  resolved "https://registry.yarnpkg.com/ffmpeg-image-diff/-/ffmpeg-image-diff-1.2.0.tgz#79ab4f659b6601f2083734e1be1d3e2bea188144"

iconv-lite@0.4.13:
  version "0.4.13"
  resolved "https://registry.yarnpkg.com/iconv-lite/-/iconv-lite-0.4.13.tgz#1f88aba4ab0b1508e8312acc39345f36e992e2f2"

libqp@1.1.0:
  version "1.1.0"
  resolved "https://registry.yarnpkg.com/libqp/-/libqp-1.1.0.tgz#f5e6e06ad74b794fb5b5b66988bf728ef1dedbe8"

mailhog@1.5.0:
  version "1.5.0"
  resolved "https://registry.npmjs.org/mailhog/-/mailhog-1.5.0.tgz#f67ffaf25cd1f7ea5acf24c021cd0e86f445cec8"
  integrity sha512-U73+O6JdoCxVbcrhDpTYc9fsZCUIYCTQmgKwCXin7EQNUwgzfrqXrkf6+S8ZlxATgT17mjAnI0bTZKk4+hHmkg==
  dependencies:
    libqp "1.1.0"
  optionalDependencies:
    iconv-lite "0.4.13"

nightwatch-browserstack@1.3.0:
  version "1.3.0"
  resolved "https://registry.npmjs.org/nightwatch-browserstack/-/nightwatch-browserstack-1.3.0.tgz#d54662ed827e07d0a1e5e60f11aa826229111372"
  integrity sha512-AQNi/SFgSikD3UZzu42SaTam94nrBL7zNt1L08BzqABas8DP+Y+fKGZ+//OrxAbA6IdhTs2l4YyEpWQH4qh7Vw==

nightwatch-video-recorder@1.1.0:
  version "1.1.0"
  resolved "https://registry.npmjs.org/nightwatch-video-recorder/-/nightwatch-video-recorder-1.1.0.tgz#8dd706c264bbdd9c4d7ff9a01f3e2e285a916cec"
  integrity sha1-jdcGwmS73ZxNf/mgHz4uKFqRbOw=
